
Microsoft Visual Studio Solution File, Format Version 12.00
# Visual Studio Version 17
VisualStudioVersion = 17.10.35004.147
MinimumVisualStudioVersion = 10.0.40219.1
Project("{9A19103F-16F7-4668-BE54-9A1E7A4F7556}") = "书店管理系统.WinUI", "书店管理系统.WinUI\书店管理系统.WinUI.csproj", "{B06A13AF-76C3-4E9D-A7AC-CF149FCF079A}"
EndProject
Project("{9A19103F-16F7-4668-BE54-9A1E7A4F7556}") = "书店管理系统.Core", "书店管理系统.Core\书店管理系统.Core.csproj", "{C1241088-12A7-4015-BA4C-A55B2E1A327E}"
EndProject
Project("{9A19103F-16F7-4668-BE54-9A1E7A4F7556}") = "书店管理系统.ConsoleApp", "书店管理系统.ConsoleApp\书店管理系统.ConsoleApp.csproj", "{CE24963C-F7DB-4C04-84DB-817CBAD51AEC}"
EndProject
Project("{9A19103F-16F7-4668-BE54-9A1E7A4F7556}") = "书店管理系统.Avalonia", "书店管理系统.Avalonia\书店管理系统.Avalonia.csproj", "{8A894B0F-96AD-4556-8781-865F504D778B}"
EndProject
Project("{9A19103F-16F7-4668-BE54-9A1E7A4F7556}") = "CoreLibrary.Toolkit", "..\CoreLibrary\CoreLibrary.Toolkit\CoreLibrary.Toolkit.csproj", "{092B3000-CA59-41D6-B964-2A905A241564}"
EndProject
Project("{9A19103F-16F7-4668-BE54-9A1E7A4F7556}") = "CoreLibrary.Toolkit.WinUI", "..\CoreLibrary\CoreLibrary.Toolkit.WinUI\CoreLibrary.Toolkit.WinUI.csproj", "{0ABC08B2-1147-4339-8CBD-F423AE6B9D5F}"
EndProject
Project("{9A19103F-16F7-4668-BE54-9A1E7A4F7556}") = "CoreLibrary.Core", "..\CoreLibrary\CoreLibrary.Core\CoreLibrary.Core.csproj", "{0E61D75E-1F80-427A-A52D-505BBECA6114}"
EndProject
Global
	GlobalSection(SolutionConfigurationPlatforms) = preSolution
		Debug|Any CPU = Debug|Any CPU
		Debug|ARM64 = Debug|ARM64
		Debug|x64 = Debug|x64
		Debug|x86 = Debug|x86
		Release|Any CPU = Release|Any CPU
		Release|ARM64 = Release|ARM64
		Release|x64 = Release|x64
		Release|x86 = Release|x86
	EndGlobalSection
	GlobalSection(ProjectConfigurationPlatforms) = postSolution
		{B06A13AF-76C3-4E9D-A7AC-CF149FCF079A}.Debug|Any CPU.ActiveCfg = Debug|x64
		{B06A13AF-76C3-4E9D-A7AC-CF149FCF079A}.Debug|Any CPU.Build.0 = Debug|x64
		{B06A13AF-76C3-4E9D-A7AC-CF149FCF079A}.Debug|ARM64.ActiveCfg = Debug|ARM64
		{B06A13AF-76C3-4E9D-A7AC-CF149FCF079A}.Debug|ARM64.Build.0 = Debug|ARM64
		{B06A13AF-76C3-4E9D-A7AC-CF149FCF079A}.Debug|ARM64.Deploy.0 = Debug|ARM64
		{B06A13AF-76C3-4E9D-A7AC-CF149FCF079A}.Debug|x64.ActiveCfg = Debug|x64
		{B06A13AF-76C3-4E9D-A7AC-CF149FCF079A}.Debug|x64.Build.0 = Debug|x64
		{B06A13AF-76C3-4E9D-A7AC-CF149FCF079A}.Debug|x64.Deploy.0 = Debug|x64
		{B06A13AF-76C3-4E9D-A7AC-CF149FCF079A}.Debug|x86.ActiveCfg = Debug|x86
		{B06A13AF-76C3-4E9D-A7AC-CF149FCF079A}.Debug|x86.Build.0 = Debug|x86
		{B06A13AF-76C3-4E9D-A7AC-CF149FCF079A}.Debug|x86.Deploy.0 = Debug|x86
		{B06A13AF-76C3-4E9D-A7AC-CF149FCF079A}.Release|Any CPU.ActiveCfg = Release|x64
		{B06A13AF-76C3-4E9D-A7AC-CF149FCF079A}.Release|Any CPU.Build.0 = Release|x64
		{B06A13AF-76C3-4E9D-A7AC-CF149FCF079A}.Release|ARM64.ActiveCfg = Release|ARM64
		{B06A13AF-76C3-4E9D-A7AC-CF149FCF079A}.Release|ARM64.Build.0 = Release|ARM64
		{B06A13AF-76C3-4E9D-A7AC-CF149FCF079A}.Release|ARM64.Deploy.0 = Release|ARM64
		{B06A13AF-76C3-4E9D-A7AC-CF149FCF079A}.Release|x64.ActiveCfg = Release|x64
		{B06A13AF-76C3-4E9D-A7AC-CF149FCF079A}.Release|x64.Build.0 = Release|x64
		{B06A13AF-76C3-4E9D-A7AC-CF149FCF079A}.Release|x64.Deploy.0 = Release|x64
		{B06A13AF-76C3-4E9D-A7AC-CF149FCF079A}.Release|x86.ActiveCfg = Release|x86
		{B06A13AF-76C3-4E9D-A7AC-CF149FCF079A}.Release|x86.Build.0 = Release|x86
		{B06A13AF-76C3-4E9D-A7AC-CF149FCF079A}.Release|x86.Deploy.0 = Release|x86
		{C1241088-12A7-4015-BA4C-A55B2E1A327E}.Debug|Any CPU.ActiveCfg = Debug|Any CPU
		{C1241088-12A7-4015-BA4C-A55B2E1A327E}.Debug|Any CPU.Build.0 = Debug|Any CPU
		{C1241088-12A7-4015-BA4C-A55B2E1A327E}.Debug|ARM64.ActiveCfg = Debug|Any CPU
		{C1241088-12A7-4015-BA4C-A55B2E1A327E}.Debug|ARM64.Build.0 = Debug|Any CPU
		{C1241088-12A7-4015-BA4C-A55B2E1A327E}.Debug|x64.ActiveCfg = Debug|Any CPU
		{C1241088-12A7-4015-BA4C-A55B2E1A327E}.Debug|x64.Build.0 = Debug|Any CPU
		{C1241088-12A7-4015-BA4C-A55B2E1A327E}.Debug|x86.ActiveCfg = Debug|Any CPU
		{C1241088-12A7-4015-BA4C-A55B2E1A327E}.Debug|x86.Build.0 = Debug|Any CPU
		{C1241088-12A7-4015-BA4C-A55B2E1A327E}.Release|Any CPU.ActiveCfg = Release|Any CPU
		{C1241088-12A7-4015-BA4C-A55B2E1A327E}.Release|Any CPU.Build.0 = Release|Any CPU
		{C1241088-12A7-4015-BA4C-A55B2E1A327E}.Release|ARM64.ActiveCfg = Release|Any CPU
		{C1241088-12A7-4015-BA4C-A55B2E1A327E}.Release|ARM64.Build.0 = Release|Any CPU
		{C1241088-12A7-4015-BA4C-A55B2E1A327E}.Release|x64.ActiveCfg = Release|Any CPU
		{C1241088-12A7-4015-BA4C-A55B2E1A327E}.Release|x64.Build.0 = Release|Any CPU
		{C1241088-12A7-4015-BA4C-A55B2E1A327E}.Release|x86.ActiveCfg = Release|Any CPU
		{C1241088-12A7-4015-BA4C-A55B2E1A327E}.Release|x86.Build.0 = Release|Any CPU
		{CE24963C-F7DB-4C04-84DB-817CBAD51AEC}.Debug|Any CPU.ActiveCfg = Debug|Any CPU
		{CE24963C-F7DB-4C04-84DB-817CBAD51AEC}.Debug|Any CPU.Build.0 = Debug|Any CPU
		{CE24963C-F7DB-4C04-84DB-817CBAD51AEC}.Debug|ARM64.ActiveCfg = Debug|Any CPU
		{CE24963C-F7DB-4C04-84DB-817CBAD51AEC}.Debug|ARM64.Build.0 = Debug|Any CPU
		{CE24963C-F7DB-4C04-84DB-817CBAD51AEC}.Debug|x64.ActiveCfg = Debug|Any CPU
		{CE24963C-F7DB-4C04-84DB-817CBAD51AEC}.Debug|x64.Build.0 = Debug|Any CPU
		{CE24963C-F7DB-4C04-84DB-817CBAD51AEC}.Debug|x86.ActiveCfg = Debug|Any CPU
		{CE24963C-F7DB-4C04-84DB-817CBAD51AEC}.Debug|x86.Build.0 = Debug|Any CPU
		{CE24963C-F7DB-4C04-84DB-817CBAD51AEC}.Release|Any CPU.ActiveCfg = Release|Any CPU
		{CE24963C-F7DB-4C04-84DB-817CBAD51AEC}.Release|Any CPU.Build.0 = Release|Any CPU
		{CE24963C-F7DB-4C04-84DB-817CBAD51AEC}.Release|ARM64.ActiveCfg = Release|Any CPU
		{CE24963C-F7DB-4C04-84DB-817CBAD51AEC}.Release|ARM64.Build.0 = Release|Any CPU
		{CE24963C-F7DB-4C04-84DB-817CBAD51AEC}.Release|x64.ActiveCfg = Release|Any CPU
		{CE24963C-F7DB-4C04-84DB-817CBAD51AEC}.Release|x64.Build.0 = Release|Any CPU
		{CE24963C-F7DB-4C04-84DB-817CBAD51AEC}.Release|x86.ActiveCfg = Release|Any CPU
		{CE24963C-F7DB-4C04-84DB-817CBAD51AEC}.Release|x86.Build.0 = Release|Any CPU
		{8A894B0F-96AD-4556-8781-865F504D778B}.Debug|Any CPU.ActiveCfg = Debug|Any CPU
		{8A894B0F-96AD-4556-8781-865F504D778B}.Debug|Any CPU.Build.0 = Debug|Any CPU
		{8A894B0F-96AD-4556-8781-865F504D778B}.Debug|ARM64.ActiveCfg = Debug|Any CPU
		{8A894B0F-96AD-4556-8781-865F504D778B}.Debug|ARM64.Build.0 = Debug|Any CPU
		{8A894B0F-96AD-4556-8781-865F504D778B}.Debug|x64.ActiveCfg = Debug|Any CPU
		{8A894B0F-96AD-4556-8781-865F504D778B}.Debug|x64.Build.0 = Debug|Any CPU
		{8A894B0F-96AD-4556-8781-865F504D778B}.Debug|x86.ActiveCfg = Debug|Any CPU
		{8A894B0F-96AD-4556-8781-865F504D778B}.Debug|x86.Build.0 = Debug|Any CPU
		{8A894B0F-96AD-4556-8781-865F504D778B}.Release|Any CPU.ActiveCfg = Release|Any CPU
		{8A894B0F-96AD-4556-8781-865F504D778B}.Release|Any CPU.Build.0 = Release|Any CPU
		{8A894B0F-96AD-4556-8781-865F504D778B}.Release|ARM64.ActiveCfg = Release|Any CPU
		{8A894B0F-96AD-4556-8781-865F504D778B}.Release|ARM64.Build.0 = Release|Any CPU
		{8A894B0F-96AD-4556-8781-865F504D778B}.Release|x64.ActiveCfg = Release|Any CPU
		{8A894B0F-96AD-4556-8781-865F504D778B}.Release|x64.Build.0 = Release|Any CPU
		{8A894B0F-96AD-4556-8781-865F504D778B}.Release|x86.ActiveCfg = Release|Any CPU
		{8A894B0F-96AD-4556-8781-865F504D778B}.Release|x86.Build.0 = Release|Any CPU
		{092B3000-CA59-41D6-B964-2A905A241564}.Debug|Any CPU.ActiveCfg = Debug|Any CPU
		{092B3000-CA59-41D6-B964-2A905A241564}.Debug|Any CPU.Build.0 = Debug|Any CPU
		{092B3000-CA59-41D6-B964-2A905A241564}.Debug|ARM64.ActiveCfg = Debug|Any CPU
		{092B3000-CA59-41D6-B964-2A905A241564}.Debug|ARM64.Build.0 = Debug|Any CPU
		{092B3000-CA59-41D6-B964-2A905A241564}.Debug|x64.ActiveCfg = Debug|Any CPU
		{092B3000-CA59-41D6-B964-2A905A241564}.Debug|x64.Build.0 = Debug|Any CPU
		{092B3000-CA59-41D6-B964-2A905A241564}.Debug|x86.ActiveCfg = Debug|Any CPU
		{092B3000-CA59-41D6-B964-2A905A241564}.Debug|x86.Build.0 = Debug|Any CPU
		{092B3000-CA59-41D6-B964-2A905A241564}.Release|Any CPU.ActiveCfg = Release|Any CPU
		{092B3000-CA59-41D6-B964-2A905A241564}.Release|Any CPU.Build.0 = Release|Any CPU
		{092B3000-CA59-41D6-B964-2A905A241564}.Release|ARM64.ActiveCfg = Release|Any CPU
		{092B3000-CA59-41D6-B964-2A905A241564}.Release|ARM64.Build.0 = Release|Any CPU
		{092B3000-CA59-41D6-B964-2A905A241564}.Release|x64.ActiveCfg = Release|Any CPU
		{092B3000-CA59-41D6-B964-2A905A241564}.Release|x64.Build.0 = Release|Any CPU
		{092B3000-CA59-41D6-B964-2A905A241564}.Release|x86.ActiveCfg = Release|Any CPU
		{092B3000-CA59-41D6-B964-2A905A241564}.Release|x86.Build.0 = Release|Any CPU
		{0ABC08B2-1147-4339-8CBD-F423AE6B9D5F}.Debug|Any CPU.ActiveCfg = Debug|Any CPU
		{0ABC08B2-1147-4339-8CBD-F423AE6B9D5F}.Debug|Any CPU.Build.0 = Debug|Any CPU
		{0ABC08B2-1147-4339-8CBD-F423AE6B9D5F}.Debug|ARM64.ActiveCfg = Debug|Any CPU
		{0ABC08B2-1147-4339-8CBD-F423AE6B9D5F}.Debug|ARM64.Build.0 = Debug|Any CPU
		{0ABC08B2-1147-4339-8CBD-F423AE6B9D5F}.Debug|x64.ActiveCfg = Debug|Any CPU
		{0ABC08B2-1147-4339-8CBD-F423AE6B9D5F}.Debug|x64.Build.0 = Debug|Any CPU
		{0ABC08B2-1147-4339-8CBD-F423AE6B9D5F}.Debug|x86.ActiveCfg = Debug|Any CPU
		{0ABC08B2-1147-4339-8CBD-F423AE6B9D5F}.Debug|x86.Build.0 = Debug|Any CPU
		{0ABC08B2-1147-4339-8CBD-F423AE6B9D5F}.Release|Any CPU.ActiveCfg = Release|Any CPU
		{0ABC08B2-1147-4339-8CBD-F423AE6B9D5F}.Release|Any CPU.Build.0 = Release|Any CPU
		{0ABC08B2-1147-4339-8CBD-F423AE6B9D5F}.Release|ARM64.ActiveCfg = Release|Any CPU
		{0ABC08B2-1147-4339-8CBD-F423AE6B9D5F}.Release|ARM64.Build.0 = Release|Any CPU
		{0ABC08B2-1147-4339-8CBD-F423AE6B9D5F}.Release|x64.ActiveCfg = Release|Any CPU
		{0ABC08B2-1147-4339-8CBD-F423AE6B9D5F}.Release|x64.Build.0 = Release|Any CPU
		{0ABC08B2-1147-4339-8CBD-F423AE6B9D5F}.Release|x86.ActiveCfg = Release|Any CPU
		{0ABC08B2-1147-4339-8CBD-F423AE6B9D5F}.Release|x86.Build.0 = Release|Any CPU
		{0E61D75E-1F80-427A-A52D-505BBECA6114}.Debug|Any CPU.ActiveCfg = Debug|Any CPU
		{0E61D75E-1F80-427A-A52D-505BBECA6114}.Debug|Any CPU.Build.0 = Debug|Any CPU
		{0E61D75E-1F80-427A-A52D-505BBECA6114}.Debug|ARM64.ActiveCfg = Debug|Any CPU
		{0E61D75E-1F80-427A-A52D-505BBECA6114}.Debug|ARM64.Build.0 = Debug|Any CPU
		{0E61D75E-1F80-427A-A52D-505BBECA6114}.Debug|x64.ActiveCfg = Debug|Any CPU
		{0E61D75E-1F80-427A-A52D-505BBECA6114}.Debug|x64.Build.0 = Debug|Any CPU
		{0E61D75E-1F80-427A-A52D-505BBECA6114}.Debug|x86.ActiveCfg = Debug|Any CPU
		{0E61D75E-1F80-427A-A52D-505BBECA6114}.Debug|x86.Build.0 = Debug|Any CPU
		{0E61D75E-1F80-427A-A52D-505BBECA6114}.Release|Any CPU.ActiveCfg = Release|Any CPU
		{0E61D75E-1F80-427A-A52D-505BBECA6114}.Release|Any CPU.Build.0 = Release|Any CPU
		{0E61D75E-1F80-427A-A52D-505BBECA6114}.Release|ARM64.ActiveCfg = Release|Any CPU
		{0E61D75E-1F80-427A-A52D-505BBECA6114}.Release|ARM64.Build.0 = Release|Any CPU
		{0E61D75E-1F80-427A-A52D-505BBECA6114}.Release|x64.ActiveCfg = Release|Any CPU
		{0E61D75E-1F80-427A-A52D-505BBECA6114}.Release|x64.Build.0 = Release|Any CPU
		{0E61D75E-1F80-427A-A52D-505BBECA6114}.Release|x86.ActiveCfg = Release|Any CPU
		{0E61D75E-1F80-427A-A52D-505BBECA6114}.Release|x86.Build.0 = Release|Any CPU
	EndGlobalSection
	GlobalSection(SolutionProperties) = preSolution
		HideSolutionNode = FALSE
	EndGlobalSection
	GlobalSection(ExtensibilityGlobals) = postSolution
		SolutionGuid = {E1DDBBDF-F94B-4B58-B094-C77BF97FDF32}
	EndGlobalSection
EndGlobal
